// !$*UTF8*$!
{
	archiveVersion = 1;
	classes = {
	};
	objectVersion = 46;
	objects = {

/* Begin PBXBuildFile section */
		841354611FCFEC02009F2947 /* Framezilla.framework in Frameworks */ = {isa = PBXBuildFile; fileRef = 8413545E1FCFEA51009F2947 /* Framezilla.framework */; };
		841354621FCFEC02009F2947 /* Framezilla.framework in Embed Frameworks */ = {isa = PBXBuildFile; fileRef = 8413545E1FCFEA51009F2947 /* Framezilla.framework */; settings = {ATTRIBUTES = (CodeSignOnCopy, RemoveHeadersOnCopy, ); }; };
		8442F9531EC75C9C00B72551 /* AppDelegate.swift in Sources */ = {isa = PBXBuildFile; fileRef = 8442F9521EC75C9C00B72551 /* AppDelegate.swift */; };
		8442F9551EC75C9C00B72551 /* ViewController.swift in Sources */ = {isa = PBXBuildFile; fileRef = 8442F9541EC75C9C00B72551 /* ViewController.swift */; };
		8442F9581EC75C9C00B72551 /* Main.storyboard in Resources */ = {isa = PBXBuildFile; fileRef = 8442F9561EC75C9C00B72551 /* Main.storyboard */; };
		8442F95A1EC75C9C00B72551 /* Assets.xcassets in Resources */ = {isa = PBXBuildFile; fileRef = 8442F9591EC75C9C00B72551 /* Assets.xcassets */; };
		8442F95D1EC75C9C00B72551 /* LaunchScreen.storyboard in Resources */ = {isa = PBXBuildFile; fileRef = 8442F95B1EC75C9C00B72551 /* LaunchScreen.storyboard */; };
/* End PBXBuildFile section */

/* Begin PBXContainerItemProxy section */
		8413545D1FCFEA51009F2947 /* PBXContainerItemProxy */ = {
			isa = PBXContainerItemProxy;
			containerPortal = 841354581FCFEA51009F2947 /* Framezilla.xcodeproj */;
			proxyType = 2;
			remoteGlobalIDString = 11FB41321D844D2C00700A40;
			remoteInfo = "Framezilla iOS";
		};
		8413545F1FCFEA51009F2947 /* PBXContainerItemProxy */ = {
			isa = PBXContainerItemProxy;
			containerPortal = 841354581FCFEA51009F2947 /* Framezilla.xcodeproj */;
			proxyType = 2;
			remoteGlobalIDString = 115972141D8450F500BC5C20;
			remoteInfo = FramezillaTests;
		};
		841354631FCFEC02009F2947 /* PBXContainerItemProxy */ = {
			isa = PBXContainerItemProxy;
			containerPortal = 841354581FCFEA51009F2947 /* Framezilla.xcodeproj */;
			proxyType = 1;
			remoteGlobalIDString = 11FB41311D844D2B00700A40;
			remoteInfo = "Framezilla iOS";
		};
/* End PBXContainerItemProxy section */

/* Begin PBXCopyFilesBuildPhase section */
		8442F96D1EC75CC400B72551 /* Embed Frameworks */ = {
			isa = PBXCopyFilesBuildPhase;
			buildActionMask = 2147483647;
			dstPath = "";
			dstSubfolderSpec = 10;
			files = (
				841354621FCFEC02009F2947 /* Framezilla.framework in Embed Frameworks */,
			);
			name = "Embed Frameworks";
			runOnlyForDeploymentPostprocessing = 0;
		};
/* End PBXCopyFilesBuildPhase section */

/* Begin PBXFileReference section */
		841354581FCFEA51009F2947 /* Framezilla.xcodeproj */ = {isa = PBXFileReference; lastKnownFileType = "wrapper.pb-project"; name = Framezilla.xcodeproj; path = ../Framezilla.xcodeproj; sourceTree = "<group>"; };
		8442F94F1EC75C9C00B72551 /* FramezillaExample.app */ = {isa = PBXFileReference; explicitFileType = wrapper.application; includeInIndex = 0; path = FramezillaExample.app; sourceTree = BUILT_PRODUCTS_DIR; };
		8442F9521EC75C9C00B72551 /* AppDelegate.swift */ = {isa = PBXFileReference; lastKnownFileType = sourcecode.swift; path = AppDelegate.swift; sourceTree = "<group>"; };
		8442F9541EC75C9C00B72551 /* ViewController.swift */ = {isa = PBXFileReference; lastKnownFileType = sourcecode.swift; path = ViewController.swift; sourceTree = "<group>"; };
		8442F9571EC75C9C00B72551 /* Base */ = {isa = PBXFileReference; lastKnownFileType = file.storyboard; name = Base; path = Base.lproj/Main.storyboard; sourceTree = "<group>"; };
		8442F9591EC75C9C00B72551 /* Assets.xcassets */ = {isa = PBXFileReference; lastKnownFileType = folder.assetcatalog; path = Assets.xcassets; sourceTree = "<group>"; };
		8442F95C1EC75C9C00B72551 /* Base */ = {isa = PBXFileReference; lastKnownFileType = file.storyboard; name = Base; path = Base.lproj/LaunchScreen.storyboard; sourceTree = "<group>"; };
		8442F95E1EC75C9C00B72551 /* Info.plist */ = {isa = PBXFileReference; lastKnownFileType = text.plist.xml; path = Info.plist; sourceTree = "<group>"; };
/* End PBXFileReference section */

/* Begin PBXFrameworksBuildPhase section */
		8442F94C1EC75C9C00B72551 /* Frameworks */ = {
			isa = PBXFrameworksBuildPhase;
			buildActionMask = 2147483647;
			files = (
				841354611FCFEC02009F2947 /* Framezilla.framework in Frameworks */,
			);
			runOnlyForDeploymentPostprocessing = 0;
		};
/* End PBXFrameworksBuildPhase section */

/* Begin PBXGroup section */
		841354591FCFEA51009F2947 /* Products */ = {
			isa = PBXGroup;
			children = (
				8413545E1FCFEA51009F2947 /* Framezilla.framework */,
				841354601FCFEA51009F2947 /* FramezillaTests.xctest */,
			);
			name = Products;
			sourceTree = "<group>";
		};
		8442F9461EC75C9C00B72551 = {
			isa = PBXGroup;
			children = (
				841354581FCFEA51009F2947 /* Framezilla.xcodeproj */,
				8442F9511EC75C9C00B72551 /* FramezillaExample */,
				8442F9501EC75C9C00B72551 /* Products */,
			);
			sourceTree = "<group>";
		};
		8442F9501EC75C9C00B72551 /* Products */ = {
			isa = PBXGroup;
			children = (
				8442F94F1EC75C9C00B72551 /* FramezillaExample.app */,
			);
			name = Products;
			sourceTree = "<group>";
		};
		8442F9511EC75C9C00B72551 /* FramezillaExample */ = {
			isa = PBXGroup;
			children = (
				8442F9521EC75C9C00B72551 /* AppDelegate.swift */,
				8442F9541EC75C9C00B72551 /* ViewController.swift */,
				8442F9561EC75C9C00B72551 /* Main.storyboard */,
				8442F9591EC75C9C00B72551 /* Assets.xcassets */,
				8442F95B1EC75C9C00B72551 /* LaunchScreen.storyboard */,
				8442F95E1EC75C9C00B72551 /* Info.plist */,
			);
			path = FramezillaExample;
			sourceTree = "<group>";
		};
/* End PBXGroup section */

/* Begin PBXNativeTarget section */
		8442F94E1EC75C9C00B72551 /* FramezillaExample */ = {
			isa = PBXNativeTarget;
			buildConfigurationList = 8442F9611EC75C9C00B72551 /* Build configuration list for PBXNativeTarget "FramezillaExample" */;
			buildPhases = (
				8442F94B1EC75C9C00B72551 /* Sources */,
				8442F94C1EC75C9C00B72551 /* Frameworks */,
				8442F94D1EC75C9C00B72551 /* Resources */,
				8442F96D1EC75CC400B72551 /* Embed Frameworks */,
			);
			buildRules = (
			);
			dependencies = (
				841354641FCFEC02009F2947 /* PBXTargetDependency */,
			);
			name = FramezillaExample;
			productName = FramezillaExample;
			productReference = 8442F94F1EC75C9C00B72551 /* FramezillaExample.app */;
			productType = "com.apple.product-type.application";
		};
/* End PBXNativeTarget section */

/* Begin PBXProject section */
		8442F9471EC75C9C00B72551 /* Project object */ = {
			isa = PBXProject;
			attributes = {
				LastSwiftUpdateCheck = 0830;
				LastUpgradeCheck = 0900;
				ORGANIZATIONNAME = "Nikita Ermolenko";
				TargetAttributes = {
					8442F94E1EC75C9C00B72551 = {
						CreatedOnToolsVersion = 8.3.2;
						ProvisioningStyle = Manual;
					};
				};
			};
			buildConfigurationList = 8442F94A1EC75C9C00B72551 /* Build configuration list for PBXProject "FramezillaExample" */;
			compatibilityVersion = "Xcode 3.2";
			developmentRegion = English;
			hasScannedForEncodings = 0;
			knownRegions = (
				en,
				Base,
			);
			mainGroup = 8442F9461EC75C9C00B72551;
			productRefGroup = 8442F9501EC75C9C00B72551 /* Products */;
			projectDirPath = "";
			projectReferences = (
				{
					ProductGroup = 841354591FCFEA51009F2947 /* Products */;
					ProjectRef = 841354581FCFEA51009F2947 /* Framezilla.xcodeproj */;
				},
			);
			projectRoot = "";
			targets = (
				8442F94E1EC75C9C00B72551 /* FramezillaExample */,
			);
		};
/* End PBXProject section */

/* Begin PBXReferenceProxy section */
		8413545E1FCFEA51009F2947 /* Framezilla.framework */ = {
			isa = PBXReferenceProxy;
			fileType = wrapper.framework;
			path = Framezilla.framework;
			remoteRef = 8413545D1FCFEA51009F2947 /* PBXContainerItemProxy */;
			sourceTree = BUILT_PRODUCTS_DIR;
		};
		841354601FCFEA51009F2947 /* FramezillaTests.xctest */ = {
			isa = PBXReferenceProxy;
			fileType = wrapper.cfbundle;
			path = FramezillaTests.xctest;
			remoteRef = 8413545F1FCFEA51009F2947 /* PBXContainerItemProxy */;
			sourceTree = BUILT_PRODUCTS_DIR;
		};
/* End PBXReferenceProxy section */

/* Begin PBXResourcesBuildPhase section */
		8442F94D1EC75C9C00B72551 /* Resources */ = {
			isa = PBXResourcesBuildPhase;
			buildActionMask = 2147483647;
			files = (
				8442F95D1EC75C9C00B72551 /* LaunchScreen.storyboard in Resources */,
				8442F95A1EC75C9C00B72551 /* Assets.xcassets in Resources */,
				8442F9581EC75C9C00B72551 /* Main.storyboard in Resources */,
			);
			runOnlyForDeploymentPostprocessing = 0;
		};
/* End PBXResourcesBuildPhase section */

/* Begin PBXSourcesBuildPhase section */
		8442F94B1EC75C9C00B72551 /* Sources */ = {
			isa = PBXSourcesBuildPhase;
			buildActionMask = 2147483647;
			files = (
				8442F9551EC75C9C00B72551 /* ViewController.swift in Sources */,
				8442F9531EC75C9C00B72551 /* AppDelegate.swift in Sources */,
			);
			runOnlyForDeploymentPostprocessing = 0;
		};
/* End PBXSourcesBuildPhase section */

/* Begin PBXTargetDependency section */
		841354641FCFEC02009F2947 /* PBXTargetDependency */ = {
			isa = PBXTargetDependency;
			name = "Framezilla iOS";
			targetProxy = 841354631FCFEC02009F2947 /* PBXContainerItemProxy */;
		};
/* End PBXTargetDependency section */

/* Begin PBXVariantGroup section */
		8442F9561EC75C9C00B72551 /* Main.storyboard */ = {
			isa = PBXVariantGroup;
			children = (
				8442F9571EC75C9C00B72551 /* Base */,
			);
			name = Main.storyboard;
			sourceTree = "<group>";
		};
		8442F95B1EC75C9C00B72551 /* LaunchScreen.storyboard */ = {
			isa = PBXVariantGroup;
			children = (
				8442F95C1EC75C9C00B72551 /* Base */,
			);
			name = LaunchScreen.storyboard;
			sourceTree = "<group>";
		};
/* End PBXVariantGroup section */

/* Begin XCBuildConfiguration section */
		8442F95F1EC75C9C00B72551 /* Debug */ = {
			isa = XCBuildConfiguration;
			buildSettings = {
				ALWAYS_SEARCH_USER_PATHS = NO;
				CLANG_ANALYZER_NONNULL = YES;
				CLANG_ANALYZER_NUMBER_OBJECT_CONVERSION = YES_AGGRESSIVE;
				CLANG_CXX_LANGUAGE_STANDARD = "gnu++0x";
				CLANG_CXX_LIBRARY = "libc++";
				CLANG_ENABLE_MODULES = YES;
				CLANG_ENABLE_OBJC_ARC = YES;
				CLANG_WARN_BLOCK_CAPTURE_AUTORELEASING = YES;
				CLANG_WARN_BOOL_CONVERSION = YES;
				CLANG_WARN_COMMA = YES;
				CLANG_WARN_CONSTANT_CONVERSION = YES;
				CLANG_WARN_DIRECT_OBJC_ISA_USAGE = YES_ERROR;
				CLANG_WARN_DOCUMENTATION_COMMENTS = YES;
				CLANG_WARN_EMPTY_BODY = YES;
				CLANG_WARN_ENUM_CONVERSION = YES;
				CLANG_WARN_INFINITE_RECURSION = YES;
				CLANG_WARN_INT_CONVERSION = YES;
				CLANG_WARN_NON_LITERAL_NULL_CONVERSION = YES;
				CLANG_WARN_OBJC_LITERAL_CONVERSION = YES;
				CLANG_WARN_OBJC_ROOT_CLASS = YES_ERROR;
				CLANG_WARN_RANGE_LOOP_ANALYSIS = YES;
				CLANG_WARN_STRICT_PROTOTYPES = YES;
				CLANG_WARN_SUSPICIOUS_MOVE = YES;
				CLANG_WARN_UNREACHABLE_CODE = YES;
				CLANG_WARN__DUPLICATE_METHOD_MATCH = YES;
				"CODE_SIGN_IDENTITY[sdk=iphoneos*]" = "iPhone Developer";
				COPY_PHASE_STRIP = NO;
				DEBUG_INFORMATION_FORMAT = dwarf;
				ENABLE_STRICT_OBJC_MSGSEND = YES;
				ENABLE_TESTABILITY = YES;
				GCC_C_LANGUAGE_STANDARD = gnu99;
				GCC_DYNAMIC_NO_PIC = NO;
				GCC_NO_COMMON_BLOCKS = YES;
				GCC_OPTIMIZATION_LEVEL = 0;
				GCC_PREPROCESSOR_DEFINITIONS = (
					"DEBUG=1",
					"$(inherited)",
				);
				GCC_WARN_64_TO_32_BIT_CONVERSION = YES;
				GCC_WARN_ABOUT_RETURN_TYPE = YES_ERROR;
				GCC_WARN_UNDECLARED_SELECTOR = YES;
				GCC_WARN_UNINITIALIZED_AUTOS = YES_AGGRESSIVE;
				GCC_WARN_UNUSED_FUNCTION = YES;
				GCC_WARN_UNUSED_VARIABLE = YES;
				IPHONEOS_DEPLOYMENT_TARGET = 10.3;
				MTL_ENABLE_DEBUG_INFO = YES;
				ONLY_ACTIVE_ARCH = YES;
				SDKROOT = iphoneos;
				SWIFT_ACTIVE_COMPILATION_CONDITIONS = DEBUG;
				SWIFT_OPTIMIZATION_LEVEL = "-Onone";
				TARGETED_DEVICE_FAMILY = "1,2";
			};
			name = Debug;
		};
		8442F9601EC75C9C00B72551 /* Release */ = {
			isa = XCBuildConfiguration;
			buildSettings = {
				ALWAYS_SEARCH_USER_PATHS = NO;
				CLANG_ANALYZER_NONNULL = YES;
				CLANG_ANALYZER_NUMBER_OBJECT_CONVERSION = YES_AGGRESSIVE;
				CLANG_CXX_LANGUAGE_STANDARD = "gnu++0x";
				CLANG_CXX_LIBRARY = "libc++";
				CLANG_ENABLE_MODULES = YES;
				CLANG_ENABLE_OBJC_ARC = YES;
				CLANG_WARN_BLOCK_CAPTURE_AUTORELEASING = YES;
				CLANG_WARN_BOOL_CONVERSION = YES;
				CLANG_WARN_COMMA = YES;
				CLANG_WARN_CONSTANT_CONVERSION = YES;
				CLANG_WARN_DIRECT_OBJC_ISA_USAGE = YES_ERROR;
				CLANG_WARN_DOCUMENTATION_COMMENTS = YES;
				CLANG_WARN_EMPTY_BODY = YES;
				CLANG_WARN_ENUM_CONVERSION = YES;
				CLANG_WARN_INFINITE_RECURSION = YES;
				CLANG_WARN_INT_CONVERSION = YES;
				CLANG_WARN_NON_LITERAL_NULL_CONVERSION = YES;
				CLANG_WARN_OBJC_LITERAL_CONVERSION = YES;
				CLANG_WARN_OBJC_ROOT_CLASS = YES_ERROR;
				CLANG_WARN_RANGE_LOOP_ANALYSIS = YES;
				CLANG_WARN_STRICT_PROTOTYPES = YES;
				CLANG_WARN_SUSPICIOUS_MOVE = YES;
				CLANG_WARN_UNREACHABLE_CODE = YES;
				CLANG_WARN__DUPLICATE_METHOD_MATCH = YES;
				"CODE_SIGN_IDENTITY[sdk=iphoneos*]" = "iPhone Developer";
				COPY_PHASE_STRIP = NO;
				DEBUG_INFORMATION_FORMAT = "dwarf-with-dsym";
				ENABLE_NS_ASSERTIONS = NO;
				ENABLE_STRICT_OBJC_MSGSEND = YES;
				GCC_C_LANGUAGE_STANDARD = gnu99;
				GCC_NO_COMMON_BLOCKS = YES;
				GCC_WARN_64_TO_32_BIT_CONVERSION = YES;
				GCC_WARN_ABOUT_RETURN_TYPE = YES_ERROR;
				GCC_WARN_UNDECLARED_SELECTOR = YES;
				GCC_WARN_UNINITIALIZED_AUTOS = YES_AGGRESSIVE;
				GCC_WARN_UNUSED_FUNCTION = YES;
				GCC_WARN_UNUSED_VARIABLE = YES;
				IPHONEOS_DEPLOYMENT_TARGET = 10.3;
				MTL_ENABLE_DEBUG_INFO = NO;
				SDKROOT = iphoneos;
				SWIFT_OPTIMIZATION_LEVEL = "-Owholemodule";
				TARGETED_DEVICE_FAMILY = "1,2";
				VALIDATE_PRODUCT = YES;
			};
			name = Release;
		};
		8442F9621EC75C9C00B72551 /* Debug */ = {
			isa = XCBuildConfiguration;
			buildSettings = {
				ALWAYS_EMBED_SWIFT_STANDARD_LIBRARIES = YES;
				ASSETCATALOG_COMPILER_APPICON_NAME = AppIcon;
				DEVELOPMENT_TEAM = "";
				INFOPLIST_FILE = FramezillaExample/Info.plist;
				LD_RUNPATH_SEARCH_PATHS = "$(inherited) @executable_path/Frameworks";
				PRODUCT_BUNDLE_IDENTIFIER = com.otbivnoe.FramezillaExample;
				PRODUCT_NAME = "$(TARGET_NAME)";
				PROVISIONING_PROFILE_SPECIFIER = "";
				SWIFT_VERSION = 3.0;
			};
			name = Debug;
		};
		8442F9631EC75C9C00B72551 /* Release */ = {
			isa = XCBuildConfiguration;
			buildSettings = {
				ALWAYS_EMBED_SWIFT_STANDARD_LIBRARIES = YES;
				ASSETCATALOG_COMPILER_APPICON_NAME = AppIcon;
				DEVELOPMENT_TEAM = "";
				INFOPLIST_FILE = FramezillaExample/Info.plist;
				LD_RUNPATH_SEARCH_PATHS = "$(inherited) @executable_path/Frameworks";
				PRODUCT_BUNDLE_IDENTIFIER = com.otbivnoe.FramezillaExample;
				PRODUCT_NAME = "$(TARGET_NAME)";
				PROVISIONING_PROFILE_SPECIFIER = "";
				SWIFT_VERSION = 3.0;
			};
			name = Release;
		};
/* End XCBuildConfiguration section */

/* Begin XCConfigurationList section */
		8442F94A1EC75C9C00B72551 /* Build configuration list for PBXProject "FramezillaExample" */ = {
			isa = XCConfigurationList;
			buildConfigurations = (
				8442F95F1EC75C9C00B72551 /* Debug */,
				8442F9601EC75C9C00B72551 /* Release */,
			);
			defaultConfigurationIsVisible = 0;
			defaultConfigurationName = Release;
		};
		8442F9611EC75C9C00B72551 /* Build configuration list for PBXNativeTarget "FramezillaExample" */ = {
			isa = XCConfigurationList;
			buildConfigurations = (
				8442F9621EC75C9C00B72551 /* Debug */,
				8442F9631EC75C9C00B72551 /* Release */,
			);
			defaultConfigurationIsVisible = 0;
			defaultConfigurationName = Release;
		};
/* End XCConfigurationList section */
	};
	rootObject = 8442F9471EC75C9C00B72551 /* Project object */;
}
